
Microsoft Visual Studio Solution File, Format Version 12.00
# Visual Studio Version 17
VisualStudioVersion = 17.4.33213.308
MinimumVisualStudioVersion = 10.0.40219.1
Project("{FAE04EC0-301F-11D3-BF4B-00C04F79EFBC}") = "EncodeItFinal", "EncodeItFinal\EncodeItFinal.csproj", "{CD425512-24B2-42CB-83DB-1758A70BCC23}"
EndProject
Global
	GlobalSection(SolutionConfigurationPlatforms) = preSolution
		Debug|Any CPU = Debug|Any CPU
		Release|Any CPU = Release|Any CPU
	EndGlobalSection
	GlobalSection(ProjectConfigurationPlatforms) = postSolution
		{CD425512-24B2-42CB-83DB-1758A70BCC23}.Debug|Any CPU.ActiveCfg = Debug|Any CPU
		{CD425512-24B2-42CB-83DB-1758A70BCC23}.Debug|Any CPU.Build.0 = Debug|Any CPU
		{CD425512-24B2-42CB-83DB-1758A70BCC23}.Release|Any CPU.ActiveCfg = Release|Any CPU
		{CD425512-24B2-42CB-83DB-1758A70BCC23}.Release|Any CPU.Build.0 = Release|Any CPU
	EndGlobalSection
	GlobalSection(SolutionProperties) = preSolution
		HideSolutionNode = FALSE
	EndGlobalSection
	GlobalSection(ExtensibilityGlobals) = postSolution
		SolutionGuid = {3D055781-B143-47DA-9B62-E03C392788EC}
	EndGlobalSection
EndGlobal
